
Microsoft Visual Studio Solution File, Format Version 12.00
# Visual Studio Version 17
VisualStudioVersion = 17.7.34003.232
MinimumVisualStudioVersion = 10.0.40219.1
Project("{FAE04EC0-301F-11D3-BF4B-00C04F79EFBC}") = "PrimeiroProjeto", "PrimeiroProjeto\PrimeiroProjeto.csproj", "{890B1081-F858-49A4-9DDD-1A9454FDE6F8}"
EndProject
Global
	GlobalSection(SolutionConfigurationPlatforms) = preSolution
		Debug|Any CPU = Debug|Any CPU
		Release|Any CPU = Release|Any CPU
	EndGlobalSection
	GlobalSection(ProjectConfigurationPlatforms) = postSolution
		{890B1081-F858-49A4-9DDD-1A9454FDE6F8}.Debug|Any CPU.ActiveCfg = Debug|Any CPU
		{890B1081-F858-49A4-9DDD-1A9454FDE6F8}.Debug|Any CPU.Build.0 = Debug|Any CPU
		{890B1081-F858-49A4-9DDD-1A9454FDE6F8}.Release|Any CPU.ActiveCfg = Release|Any CPU
		{890B1081-F858-49A4-9DDD-1A9454FDE6F8}.Release|Any CPU.Build.0 = Release|Any CPU
	EndGlobalSection
	GlobalSection(SolutionProperties) = preSolution
		HideSolutionNode = FALSE
	EndGlobalSection
	GlobalSection(ExtensibilityGlobals) = postSolution
		SolutionGuid = {09635735-A92C-4D42-ACAE-026ECCE1E685}
	EndGlobalSection
EndGlobal
